// !$*UTF8*$!
{
	archiveVersion = 1;
	classes = {
	};
	objectVersion = 56;
	objects = {

/* Begin PBXBuildFile section */
		1F1EA3142A00D0C900766F69 /* AppDelegate.swift in Sources */ = {isa = PBXBuildFile; fileRef = 1F1EA3132A00D0C900766F69 /* AppDelegate.swift */; };
		1F1EA3162A00D0C900766F69 /* SceneDelegate.swift in Sources */ = {isa = PBXBuildFile; fileRef = 1F1EA3152A00D0C900766F69 /* SceneDelegate.swift */; };
		1F1EA3182A00D0C900766F69 /* ViewController.swift in Sources */ = {isa = PBXBuildFile; fileRef = 1F1EA3172A00D0C900766F69 /* ViewController.swift */; };
		1F1EA31B2A00D0C900766F69 /* Main.storyboard in Resources */ = {isa = PBXBuildFile; fileRef = 1F1EA3192A00D0C900766F69 /* Main.storyboard */; };
		1F1EA31D2A00D0CA00766F69 /* Assets.xcassets in Resources */ = {isa = PBXBuildFile; fileRef = 1F1EA31C2A00D0CA00766F69 /* Assets.xcassets */; };
		1F1EA3202A00D0CA00766F69 /* LaunchScreen.storyboard in Resources */ = {isa = PBXBuildFile; fileRef = 1F1EA31E2A00D0CA00766F69 /* LaunchScreen.storyboard */; };
		1F1EA3292A00DE3200766F69 /* Validation.swift in Sources */ = {isa = PBXBuildFile; fileRef = 1F1EA3282A00DE3200766F69 /* Validation.swift */; };
		1F1EA32B2A01164800766F69 /* CustomTextField.swift in Sources */ = {isa = PBXBuildFile; fileRef = 1F1EA32A2A01164800766F69 /* CustomTextField.swift */; };
/* End PBXBuildFile section */

/* Begin PBXFileReference section */
		1F1EA3102A00D0C900766F69 /* Validation_In_Ios.app */ = {isa = PBXFileReference; explicitFileType = wrapper.application; includeInIndex = 0; path = Validation_In_Ios.app; sourceTree = BUILT_PRODUCTS_DIR; };
		1F1EA3132A00D0C900766F69 /* AppDelegate.swift */ = {isa = PBXFileReference; lastKnownFileType = sourcecode.swift; path = AppDelegate.swift; sourceTree = "<group>"; };
		1F1EA3152A00D0C900766F69 /* SceneDelegate.swift */ = {isa = PBXFileReference; lastKnownFileType = sourcecode.swift; path = SceneDelegate.swift; sourceTree = "<group>"; };
		1F1EA3172A00D0C900766F69 /* ViewController.swift */ = {isa = PBXFileReference; lastKnownFileType = sourcecode.swift; path = ViewController.swift; sourceTree = "<group>"; };
		1F1EA31A2A00D0C900766F69 /* Base */ = {isa = PBXFileReference; lastKnownFileType = file.storyboard; name = Base; path = Base.lproj/Main.storyboard; sourceTree = "<group>"; };
		1F1EA31C2A00D0CA00766F69 /* Assets.xcassets */ = {isa = PBXFileReference; lastKnownFileType = folder.assetcatalog; path = Assets.xcassets; sourceTree = "<group>"; };
		1F1EA31F2A00D0CA00766F69 /* Base */ = {isa = PBXFileReference; lastKnownFileType = file.storyboard; name = Base; path = Base.lproj/LaunchScreen.storyboard; sourceTree = "<group>"; };
		1F1EA3212A00D0CA00766F69 /* Info.plist */ = {isa = PBXFileReference; lastKnownFileType = text.plist.xml; path = Info.plist; sourceTree = "<group>"; };
		1F1EA3282A00DE3200766F69 /* Validation.swift */ = {isa = PBXFileReference; lastKnownFileType = sourcecode.swift; path = Validation.swift; sourceTree = "<group>"; };
		1F1EA32A2A01164800766F69 /* CustomTextField.swift */ = {isa = PBXFileReference; lastKnownFileType = sourcecode.swift; path = CustomTextField.swift; sourceTree = "<group>"; };
/* End PBXFileReference section */

/* Begin PBXFrameworksBuildPhase section */
		1F1EA30D2A00D0C900766F69 /* Frameworks */ = {
			isa = PBXFrameworksBuildPhase;
			buildActionMask = 2147483647;
			files = (
			);
			runOnlyForDeploymentPostprocessing = 0;
		};
/* End PBXFrameworksBuildPhase section */

/* Begin PBXGroup section */
		1F1EA3072A00D0C900766F69 = {
			isa = PBXGroup;
			children = (
				1F1EA3122A00D0C900766F69 /* Validation_In_Ios */,
				1F1EA3112A00D0C900766F69 /* Products */,
			);
			sourceTree = "<group>";
		};
		1F1EA3112A00D0C900766F69 /* Products */ = {
			isa = PBXGroup;
			children = (
				1F1EA3102A00D0C900766F69 /* Validation_In_Ios.app */,
			);
			name = Products;
			sourceTree = "<group>";
		};
		1F1EA3122A00D0C900766F69 /* Validation_In_Ios */ = {
			isa = PBXGroup;
			children = (
				1F1EA3132A00D0C900766F69 /* AppDelegate.swift */,
				1F1EA3152A00D0C900766F69 /* SceneDelegate.swift */,
				1F1EA3172A00D0C900766F69 /* ViewController.swift */,
				1F1EA3282A00DE3200766F69 /* Validation.swift */,
				1F1EA32A2A01164800766F69 /* CustomTextField.swift */,
				1F1EA3192A00D0C900766F69 /* Main.storyboard */,
				1F1EA31C2A00D0CA00766F69 /* Assets.xcassets */,
				1F1EA31E2A00D0CA00766F69 /* LaunchScreen.storyboard */,
				1F1EA3212A00D0CA00766F69 /* Info.plist */,
			);
			path = Validation_In_Ios;
			sourceTree = "<group>";
		};
/* End PBXGroup section */

/* Begin PBXNativeTarget section */
		1F1EA30F2A00D0C900766F69 /* Validation_In_Ios */ = {
			isa = PBXNativeTarget;
			buildConfigurationList = 1F1EA3242A00D0CA00766F69 /* Build configuration list for PBXNativeTarget "Validation_In_Ios" */;
			buildPhases = (
				1F1EA30C2A00D0C900766F69 /* Sources */,
				1F1EA30D2A00D0C900766F69 /* Frameworks */,
				1F1EA30E2A00D0C900766F69 /* Resources */,
			);
			buildRules = (
			);
			dependencies = (
			);
			name = Validation_In_Ios;
			productName = Validation_In_Ios;
			productReference = 1F1EA3102A00D0C900766F69 /* Validation_In_Ios.app */;
			productType = "com.apple.product-type.application";
		};
/* End PBXNativeTarget section */

/* Begin PBXProject section */
		1F1EA3082A00D0C900766F69 /* Project object */ = {
			isa = PBXProject;
			attributes = {
				BuildIndependentTargetsInParallel = 1;
				LastSwiftUpdateCheck = 1420;
				LastUpgradeCheck = 1420;
				TargetAttributes = {
					1F1EA30F2A00D0C900766F69 = {
						CreatedOnToolsVersion = 14.2;
					};
				};
			};
			buildConfigurationList = 1F1EA30B2A00D0C900766F69 /* Build configuration list for PBXProject "Validation_In_Ios" */;
			compatibilityVersion = "Xcode 14.0";
			developmentRegion = en;
			hasScannedForEncodings = 0;
			knownRegions = (
				en,
				Base,
			);
			mainGroup = 1F1EA3072A00D0C900766F69;
			productRefGroup = 1F1EA3112A00D0C900766F69 /* Products */;
			projectDirPath = "";
			projectRoot = "";
			targets = (
				1F1EA30F2A00D0C900766F69 /* Validation_In_Ios */,
			);
		};
/* End PBXProject section */

/* Begin PBXResourcesBuildPhase section */
		1F1EA30E2A00D0C900766F69 /* Resources */ = {
			isa = PBXResourcesBuildPhase;
			buildActionMask = 2147483647;
			files = (
				1F1EA3202A00D0CA00766F69 /* LaunchScreen.storyboard in Resources */,
				1F1EA31D2A00D0CA00766F69 /* Assets.xcassets in Resources */,
				1F1EA31B2A00D0C900766F69 /* Main.storyboard in Resources */,
			);
			runOnlyForDeploymentPostprocessing = 0;
		};
/* End PBXResourcesBuildPhase section */

/* Begin PBXSourcesBuildPhase section */
		1F1EA30C2A00D0C900766F69 /* Sources */ = {
			isa = PBXSourcesBuildPhase;
			buildActionMask = 2147483647;
			files = (
				1F1EA3182A00D0C900766F69 /* ViewController.swift in Sources */,
				1F1EA3142A00D0C900766F69 /* AppDelegate.swift in Sources */,
				1F1EA3292A00DE3200766F69 /* Validation.swift in Sources */,
				1F1EA3162A00D0C900766F69 /* SceneDelegate.swift in Sources */,
				1F1EA32B2A01164800766F69 /* CustomTextField.swift in Sources */,
			);
			runOnlyForDeploymentPostprocessing = 0;
		};
/* End PBXSourcesBuildPhase section */

/* Begin PBXVariantGroup section */
		1F1EA3192A00D0C900766F69 /* Main.storyboard */ = {
			isa = PBXVariantGroup;
			children = (
				1F1EA31A2A00D0C900766F69 /* Base */,
			);
			name = Main.storyboard;
			sourceTree = "<group>";
		};
		1F1EA31E2A00D0CA00766F69 /* LaunchScreen.storyboard */ = {
			isa = PBXVariantGroup;
			children = (
				1F1EA31F2A00D0CA00766F69 /* Base */,
			);
			name = LaunchScreen.storyboard;
			sourceTree = "<group>";
		};
/* End PBXVariantGroup section */

/* Begin XCBuildConfiguration section */
		1F1EA3222A00D0CA00766F69 /* Debug */ = {
			isa = XCBuildConfiguration;
			buildSettings = {
				ALWAYS_SEARCH_USER_PATHS = NO;
				CLANG_ANALYZER_NONNULL = YES;
				CLANG_ANALYZER_NUMBER_OBJECT_CONVERSION = YES_AGGRESSIVE;
				CLANG_CXX_LANGUAGE_STANDARD = "gnu++20";
				CLANG_ENABLE_MODULES = YES;
				CLANG_ENABLE_OBJC_ARC = YES;
				CLANG_ENABLE_OBJC_WEAK = YES;
				CLANG_WARN_BLOCK_CAPTURE_AUTORELEASING = YES;
				CLANG_WARN_BOOL_CONVERSION = YES;
				CLANG_WARN_COMMA = YES;
				CLANG_WARN_CONSTANT_CONVERSION = YES;
				CLANG_WARN_DEPRECATED_OBJC_IMPLEMENTATIONS = YES;
				CLANG_WARN_DIRECT_OBJC_ISA_USAGE = YES_ERROR;
				CLANG_WARN_DOCUMENTATION_COMMENTS = YES;
				CLANG_WARN_EMPTY_BODY = YES;
				CLANG_WARN_ENUM_CONVERSION = YES;
				CLANG_WARN_INFINITE_RECURSION = YES;
				CLANG_WARN_INT_CONVERSION = YES;
				CLANG_WARN_NON_LITERAL_NULL_CONVERSION = YES;
				CLANG_WARN_OBJC_IMPLICIT_RETAIN_SELF = YES;
				CLANG_WARN_OBJC_LITERAL_CONVERSION = YES;
				CLANG_WARN_OBJC_ROOT_CLASS = YES_ERROR;
				CLANG_WARN_QUOTED_INCLUDE_IN_FRAMEWORK_HEADER = YES;
				CLANG_WARN_RANGE_LOOP_ANALYSIS = YES;
				CLANG_WARN_STRICT_PROTOTYPES = YES;
				CLANG_WARN_SUSPICIOUS_MOVE = YES;
				CLANG_WARN_UNGUARDED_AVAILABILITY = YES_AGGRESSIVE;
				CLANG_WARN_UNREACHABLE_CODE = YES;
				CLANG_WARN__DUPLICATE_METHOD_MATCH = YES;
				COPY_PHASE_STRIP = NO;
				DEBUG_INFORMATION_FORMAT = dwarf;
				ENABLE_STRICT_OBJC_MSGSEND = YES;
				ENABLE_TESTABILITY = YES;
				GCC_C_LANGUAGE_STANDARD = gnu11;
				GCC_DYNAMIC_NO_PIC = NO;
				GCC_NO_COMMON_BLOCKS = YES;
				GCC_OPTIMIZATION_LEVEL = 0;
				GCC_PREPROCESSOR_DEFINITIONS = (
					"DEBUG=1",
					"$(inherited)",
				);
				GCC_WARN_64_TO_32_BIT_CONVERSION = YES;
				GCC_WARN_ABOUT_RETURN_TYPE = YES_ERROR;
				GCC_WARN_UNDECLARED_SELECTOR = YES;
				GCC_WARN_UNINITIALIZED_AUTOS = YES_AGGRESSIVE;
				GCC_WARN_UNUSED_FUNCTION = YES;
				GCC_WARN_UNUSED_VARIABLE = YES;
				IPHONEOS_DEPLOYMENT_TARGET = 16.2;
				MTL_ENABLE_DEBUG_INFO = INCLUDE_SOURCE;
				MTL_FAST_MATH = YES;
				ONLY_ACTIVE_ARCH = YES;
				SDKROOT = iphoneos;
				SWIFT_ACTIVE_COMPILATION_CONDITIONS = DEBUG;
				SWIFT_OPTIMIZATION_LEVEL = "-Onone";
			};
			name = Debug;
		};
		1F1EA3232A00D0CA00766F69 /* Release */ = {
			isa = XCBuildConfiguration;
			buildSettings = {
				ALWAYS_SEARCH_USER_PATHS = NO;
				CLANG_ANALYZER_NONNULL = YES;
				CLANG_ANALYZER_NUMBER_OBJECT_CONVERSION = YES_AGGRESSIVE;
				CLANG_CXX_LANGUAGE_STANDARD = "gnu++20";
				CLANG_ENABLE_MODULES = YES;
				CLANG_ENABLE_OBJC_ARC = YES;
				CLANG_ENABLE_OBJC_WEAK = YES;
				CLANG_WARN_BLOCK_CAPTURE_AUTORELEASING = YES;
				CLANG_WARN_BOOL_CONVERSION = YES;
				CLANG_WARN_COMMA = YES;
				CLANG_WARN_CONSTANT_CONVERSION = YES;
				CLANG_WARN_DEPRECATED_OBJC_IMPLEMENTATIONS = YES;
				CLANG_WARN_DIRECT_OBJC_ISA_USAGE = YES_ERROR;
				CLANG_WARN_DOCUMENTATION_COMMENTS = YES;
				CLANG_WARN_EMPTY_BODY = YES;
				CLANG_WARN_ENUM_CONVERSION = YES;
				CLANG_WARN_INFINITE_RECURSION = YES;
				CLANG_WARN_INT_CONVERSION = YES;
				CLANG_WARN_NON_LITERAL_NULL_CONVERSION = YES;
				CLANG_WARN_OBJC_IMPLICIT_RETAIN_SELF = YES;
				CLANG_WARN_OBJC_LITERAL_CONVERSION = YES;
				CLANG_WARN_OBJC_ROOT_CLASS = YES_ERROR;
				CLANG_WARN_QUOTED_INCLUDE_IN_FRAMEWORK_HEADER = YES;
				CLANG_WARN_RANGE_LOOP_ANALYSIS = YES;
				CLANG_WARN_STRICT_PROTOTYPES = YES;
				CLANG_WARN_SUSPICIOUS_MOVE = YES;
				CLANG_WARN_UNGUARDED_AVAILABILITY = YES_AGGRESSIVE;
				CLANG_WARN_UNREACHABLE_CODE = YES;
				CLANG_WARN__DUPLICATE_METHOD_MATCH = YES;
				COPY_PHASE_STRIP = NO;
				DEBUG_INFORMATION_FORMAT = "dwarf-with-dsym";
				ENABLE_NS_ASSERTIONS = NO;
				ENABLE_STRICT_OBJC_MSGSEND = YES;
				GCC_C_LANGUAGE_STANDARD = gnu11;
				GCC_NO_COMMON_BLOCKS = YES;
				GCC_WARN_64_TO_32_BIT_CONVERSION = YES;
				GCC_WARN_ABOUT_RETURN_TYPE = YES_ERROR;
				GCC_WARN_UNDECLARED_SELECTOR = YES;
				GCC_WARN_UNINITIALIZED_AUTOS = YES_AGGRESSIVE;
				GCC_WARN_UNUSED_FUNCTION = YES;
				GCC_WARN_UNUSED_VARIABLE = YES;
				IPHONEOS_DEPLOYMENT_TARGET = 16.2;
				MTL_ENABLE_DEBUG_INFO = NO;
				MTL_FAST_MATH = YES;
				SDKROOT = iphoneos;
				SWIFT_COMPILATION_MODE = wholemodule;
				SWIFT_OPTIMIZATION_LEVEL = "-O";
				VALIDATE_PRODUCT = YES;
			};
			name = Release;
		};
		1F1EA3252A00D0CA00766F69 /* Debug */ = {
			isa = XCBuildConfiguration;
			buildSettings = {
				ASSETCATALOG_COMPILER_APPICON_NAME = AppIcon;
				ASSETCATALOG_COMPILER_GLOBAL_ACCENT_COLOR_NAME = AccentColor;
				CODE_SIGN_STYLE = Automatic;
				CURRENT_PROJECT_VERSION = 1;
				DEVELOPMENT_TEAM = R94BP8S4YC;
				GENERATE_INFOPLIST_FILE = YES;
				INFOPLIST_FILE = Validation_In_Ios/Info.plist;
				INFOPLIST_KEY_UIApplicationSupportsIndirectInputEvents = YES;
				INFOPLIST_KEY_UILaunchStoryboardName = LaunchScreen;
				INFOPLIST_KEY_UIMainStoryboardFile = Main;
				INFOPLIST_KEY_UISupportedInterfaceOrientations_iPad = "UIInterfaceOrientationPortrait UIInterfaceOrientationPortraitUpsideDown UIInterfaceOrientationLandscapeLeft UIInterfaceOrientationLandscapeRight";
				INFOPLIST_KEY_UISupportedInterfaceOrientations_iPhone = "UIInterfaceOrientationPortrait UIInterfaceOrientationLandscapeLeft UIInterfaceOrientationLandscapeRight";
				LD_RUNPATH_SEARCH_PATHS = (
					"$(inherited)",
					"@executable_path/Frameworks",
				);
				MARKETING_VERSION = 1.0;
				PRODUCT_BUNDLE_IDENTIFIER = "com.phntech.phncareer.Validation-In-Ios";
				PRODUCT_NAME = "$(TARGET_NAME)";
				SWIFT_EMIT_LOC_STRINGS = YES;
				SWIFT_VERSION = 5.0;
				TARGETED_DEVICE_FAMILY = "1,2";
			};
			name = Debug;
		};
		1F1EA3262A00D0CA00766F69 /* Release */ = {
			isa = XCBuildConfiguration;
			buildSettings = {
				ASSETCATALOG_COMPILER_APPICON_NAME = AppIcon;
				ASSETCATALOG_COMPILER_GLOBAL_ACCENT_COLOR_NAME = AccentColor;
				CODE_SIGN_STYLE = Automatic;
				CURRENT_PROJECT_VERSION = 1;
				DEVELOPMENT_TEAM = R94BP8S4YC;
				GENERATE_INFOPLIST_FILE = YES;
				INFOPLIST_FILE = Validation_In_Ios/Info.plist;
				INFOPLIST_KEY_UIApplicationSupportsIndirectInputEvents = YES;
				INFOPLIST_KEY_UILaunchStoryboardName = LaunchScreen;
				INFOPLIST_KEY_UIMainStoryboardFile = Main;
				INFOPLIST_KEY_UISupportedInterfaceOrientations_iPad = "UIInterfaceOrientationPortrait UIInterfaceOrientationPortraitUpsideDown UIInterfaceOrientationLandscapeLeft UIInterfaceOrientationLandscapeRight";
				INFOPLIST_KEY_UISupportedInterfaceOrientations_iPhone = "UIInterfaceOrientationPortrait UIInterfaceOrientationLandscapeLeft UIInterfaceOrientationLandscapeRight";
				LD_RUNPATH_SEARCH_PATHS = (
					"$(inherited)",
					"@executable_path/Frameworks",
				);
				MARKETING_VERSION = 1.0;
				PRODUCT_BUNDLE_IDENTIFIER = "com.phntech.phncareer.Validation-In-Ios";
				PRODUCT_NAME = "$(TARGET_NAME)";
				SWIFT_EMIT_LOC_STRINGS = YES;
				SWIFT_VERSION = 5.0;
				TARGETED_DEVICE_FAMILY = "1,2";
			};
			name = Release;
		};
/* End XCBuildConfiguration section */

/* Begin XCConfigurationList section */
		1F1EA30B2A00D0C900766F69 /* Build configuration list for PBXProject "Validation_In_Ios" */ = {
			isa = XCConfigurationList;
			buildConfigurations = (
				1F1EA3222A00D0CA00766F69 /* Debug */,
				1F1EA3232A00D0CA00766F69 /* Release */,
			);
			defaultConfigurationIsVisible = 0;
			defaultConfigurationName = Release;
		};
		1F1EA3242A00D0CA00766F69 /* Build configuration list for PBXNativeTarget "Validation_In_Ios" */ = {
			isa = XCConfigurationList;
			buildConfigurations = (
				1F1EA3252A00D0CA00766F69 /* Debug */,
				1F1EA3262A00D0CA00766F69 /* Release */,
			);
			defaultConfigurationIsVisible = 0;
			defaultConfigurationName = Release;
		};
/* End XCConfigurationList section */
	};
	rootObject = 1F1EA3082A00D0C900766F69 /* Project object */;
}
